
Microsoft Visual Studio Solution File, Format Version 12.00
# Visual Studio Version 16
VisualStudioVersion = 16.0.30114.105
MinimumVisualStudioVersion = 10.0.40219.1
Project("{FAE04EC0-301F-11D3-BF4B-00C04F79EFBC}") = "libtester", "libtester\libtester.csproj", "{7A2DE722-0D0A-461E-92C8-7967A18D339B}"
EndProject
Project("{FAE04EC0-301F-11D3-BF4B-00C04F79EFBC}") = "Parser", "Parser\Parser.csproj", "{1B750B9C-797C-42B3-B598-FCC5D3E0D273}"
EndProject
Project("{FAE04EC0-301F-11D3-BF4B-00C04F79EFBC}") = "ParserAPI", "ParserAPI\ParserAPI.csproj", "{9517F837-A9CB-4794-B967-9F036345D4F3}"
EndProject
Global
	GlobalSection(SolutionConfigurationPlatforms) = preSolution
		Debug|Any CPU = Debug|Any CPU
		Release|Any CPU = Release|Any CPU
	EndGlobalSection
	GlobalSection(SolutionProperties) = preSolution
		HideSolutionNode = FALSE
	EndGlobalSection
	GlobalSection(ProjectConfigurationPlatforms) = postSolution
		{7A2DE722-0D0A-461E-92C8-7967A18D339B}.Debug|Any CPU.ActiveCfg = Debug|Any CPU
		{7A2DE722-0D0A-461E-92C8-7967A18D339B}.Debug|Any CPU.Build.0 = Debug|Any CPU
		{7A2DE722-0D0A-461E-92C8-7967A18D339B}.Release|Any CPU.ActiveCfg = Release|Any CPU
		{7A2DE722-0D0A-461E-92C8-7967A18D339B}.Release|Any CPU.Build.0 = Release|Any CPU
		{1B750B9C-797C-42B3-B598-FCC5D3E0D273}.Debug|Any CPU.ActiveCfg = Debug|Any CPU
		{1B750B9C-797C-42B3-B598-FCC5D3E0D273}.Debug|Any CPU.Build.0 = Debug|Any CPU
		{1B750B9C-797C-42B3-B598-FCC5D3E0D273}.Release|Any CPU.ActiveCfg = Release|Any CPU
		{1B750B9C-797C-42B3-B598-FCC5D3E0D273}.Release|Any CPU.Build.0 = Release|Any CPU
		{9517F837-A9CB-4794-B967-9F036345D4F3}.Debug|Any CPU.ActiveCfg = Debug|Any CPU
		{9517F837-A9CB-4794-B967-9F036345D4F3}.Debug|Any CPU.Build.0 = Debug|Any CPU
		{9517F837-A9CB-4794-B967-9F036345D4F3}.Release|Any CPU.ActiveCfg = Release|Any CPU
		{9517F837-A9CB-4794-B967-9F036345D4F3}.Release|Any CPU.Build.0 = Release|Any CPU
	EndGlobalSection
EndGlobal
